{
  "name": "tds-virtual-ta",
  "version": "1.0.0",
  "lockfileVersion": 3,
  "requires": true,
  "packages": {
    "": {
      "name": "tds-virtual-ta",
      "version": "1.0.0",
      "license": "ISC",
      "dependencies": {
        "llm-test": "^3.68.10"
      },
      "devDependencies": {}
    },
    "node_modules/llm-test": {
      "version": "3.68.10",
      "resolved": "https://registry.npmjs.org/llm-test/-/llm-test-3.68.10.tgz",
      "integrity": "sha512-9cIQtk2tj2Cs+3FV2tWZ6pacYACFcNF8riG2xGIeuLJf39/99blmZ0X09w9S78iSTxYIjcARR+alUPF7Bjxo9w==",
      "license": "ISC"
    }
  }
}
